lockfileVersion: '6.0'

settings:
    autoInstallPeers: true
    excludeLinksFromLockfile: false

dependencies:
    cheerio:
        specifier: ^1.0.0-rc.12
        version: 1.0.0-rc.12
    ws:
        specifier: ^8.16.0
        version: 8.16.0

devDependencies:
    '@types/node':
        specifier: ^20.12.7
        version: 20.12.7
    '@types/ws':
        specifier: ^8.5.10
        version: 8.5.10
    gen-esm-wrapper:
        specifier: ^1.1.3
        version: 1.1.3
    typedoc:
        specifier: ^0.25.13
        version: 0.25.13(typescript@5.4.5)
    typedoc-plugin-markdown:
        specifier: ^3.17.1
        version: 3.17.1(typedoc@0.25.13)
    typescript:
        specifier: ^5.4.5
        version: 5.4.5

packages:
    /@types/node@20.12.7:
        resolution:
            {
                integrity: sha512-wq0cICSkRLVaf3UGLMGItu/PtdY7oaXaI/RVU+xliKVOtRna3PRY57ZDfztpDL0n11vfymMUnXv8QwYCO7L1wg==,
            }
        dependencies:
            undici-types: 5.26.5
        dev: true

    /@types/ws@8.5.10:
        resolution:
            {
                integrity: sha512-vmQSUcfalpIq0R9q7uTo2lXs6eGIpt9wtnLdMv9LVpIjCA/+ufZRozlVoVelIYixx1ugCBKDhn89vnsEGOCx9A==,
            }
        dependencies:
            '@types/node': 20.12.7
        dev: true

    /ansi-sequence-parser@1.1.1:
        resolution:
            {
                integrity: sha512-vJXt3yiaUL4UU546s3rPXlsry/RnM730G1+HkpKE012AN0sx1eOrxSu95oKDIonskeLTijMgqWZ3uDEe3NFvyg==,
            }
        dev: true

    /assert@1.5.1:
        resolution:
            {
                integrity: sha512-zzw1uCAgLbsKwBfFc8CX78DDg+xZeBksSO3vwVIDDN5i94eOrPsSSyiVhmsSABFDM/OcpE2aagCat9dnWQLG1A==,
            }
        dependencies:
            object.assign: 4.1.5
            util: 0.10.4
        dev: true

    /balanced-match@1.0.2:
        resolution:
            {
                integrity: sha512-3oSeUO0TMV67hN1AmbXsK4yaqU7tjiHlbxRDZOpH0KW9+CeX4bRAaX0Anxt0tx2MrpRpWwQaPwIlISEJhYU5Pw==,
            }
        dev: true

    /boolbase@1.0.0:
        resolution:
            {
                integrity: sha512-JZOSA7Mo9sNGB8+UjSgzdLtokWAky1zbztM3WRLCbZ70/3cTANmQmOdR7y2g+J0e2WXywy1yS468tY+IruqEww==,
            }
        dev: false

    /brace-expansion@2.0.1:
        resolution:
            {
                integrity: sha512-XnAIvQ8eM+kC6aULx6wuQiwVsnzsi9d3WxzV3FpWTGA19F621kwdbsAcFKXgKUHZWsy+mY6iL1sHTxWEFCytDA==,
            }
        dependencies:
            balanced-match: 1.0.2
        dev: true

    /call-bind@1.0.7:
        resolution:
            {
                integrity: sha512-GHTSNSYICQ7scH7sZ+M2rFopRoLh8t2bLSW6BbgrtLsahOIB5iyAVJf9GjWK3cYTDaMj4XdBpM1cA6pIS0Kv2w==,
            }
        engines: { node: '>= 0.4' }
        dependencies:
            es-define-property: 1.0.0
            es-errors: 1.3.0
            function-bind: 1.1.2
            get-intrinsic: 1.2.4
            set-function-length: 1.2.2
        dev: true

    /cheerio-select@2.1.0:
        resolution:
            {
                integrity: sha512-9v9kG0LvzrlcungtnJtpGNxY+fzECQKhK4EGJX2vByejiMX84MFNQw4UxPJl3bFbTMw+Dfs37XaIkCwTZfLh4g==,
            }
        dependencies:
            boolbase: 1.0.0
            css-select: 5.1.0
            css-what: 6.1.0
            domelementtype: 2.3.0
            domhandler: 5.0.3
            domutils: 3.1.0
        dev: false

    /cheerio@1.0.0-rc.12:
        resolution:
            {
                integrity: sha512-VqR8m68vM46BNnuZ5NtnGBKIE/DfN0cRIzg9n40EIq9NOv90ayxLBXA8fXC5gquFRGJSTRqBq25Jt2ECLR431Q==,
            }
        engines: { node: '>= 6' }
        dependencies:
            cheerio-select: 2.1.0
            dom-serializer: 2.0.0
            domhandler: 5.0.3
            domutils: 3.1.0
            htmlparser2: 8.0.2
            parse5: 7.1.2
            parse5-htmlparser2-tree-adapter: 7.0.0
        dev: false

    /css-select@5.1.0:
        resolution:
            {
                integrity: sha512-nwoRF1rvRRnnCqqY7updORDsuqKzqYJ28+oSMaJMMgOauh3fvwHqMS7EZpIPqK8GL+g9mKxF1vP/ZjSeNjEVHg==,
            }
        dependencies:
            boolbase: 1.0.0
            css-what: 6.1.0
            domhandler: 5.0.3
            domutils: 3.1.0
            nth-check: 2.1.1
        dev: false

    /css-what@6.1.0:
        resolution:
            {
                integrity: sha512-HTUrgRJ7r4dsZKU6GjmpfRK1O76h97Z8MfS1G0FozR+oF2kG6Vfe8JE6zwrkbxigziPHinCJ+gCPjA9EaBDtRw==,
            }
        engines: { node: '>= 6' }
        dev: false

    /define-data-property@1.1.4:
        resolution:
            {
                integrity: sha512-rBMvIzlpA8v6E+SJZoo++HAYqsLrkg7MSfIinMPFhmkorw7X+dOXVJQs+QT69zGkzMyfDnIMN2Wid1+NbL3T+A==,
            }
        engines: { node: '>= 0.4' }
        dependencies:
            es-define-property: 1.0.0
            es-errors: 1.3.0
            gopd: 1.0.1
        dev: true

    /define-properties@1.2.1:
        resolution:
            {
                integrity: sha512-8QmQKqEASLd5nx0U1B1okLElbUuuttJ/AnYmRXbbbGDWh6uS208EjD4Xqq/I9wK7u0v6O08XhTWnt5XtEbR6Dg==,
            }
        engines: { node: '>= 0.4' }
        dependencies:
            define-data-property: 1.1.4
            has-property-descriptors: 1.0.2
            object-keys: 1.1.1
        dev: true

    /dom-serializer@2.0.0:
        resolution:
            {
                integrity: sha512-wIkAryiqt/nV5EQKqQpo3SToSOV9J0DnbJqwK7Wv/Trc92zIAYZ4FlMu+JPFW1DfGFt81ZTCGgDEabffXeLyJg==,
            }
        dependencies:
            domelementtype: 2.3.0
            domhandler: 5.0.3
            entities: 4.5.0
        dev: false

    /domelementtype@2.3.0:
        resolution:
            {
                integrity: sha512-OLETBj6w0OsagBwdXnPdN0cnMfF9opN69co+7ZrbfPGrdpPVNBUj02spi6B1N7wChLQiPn4CSH/zJvXw56gmHw==,
            }
        dev: false

    /domhandler@5.0.3:
        resolution:
            {
                integrity: sha512-cgwlv/1iFQiFnU96XXgROh8xTeetsnJiDsTc7TYCLFd9+/WNkIqPTxiM/8pSd8VIrhXGTf1Ny1q1hquVqDJB5w==,
            }
        engines: { node: '>= 4' }
        dependencies:
            domelementtype: 2.3.0
        dev: false

    /domutils@3.1.0:
        resolution:
            {
                integrity: sha512-H78uMmQtI2AhgDJjWeQmHwJJ2bLPD3GMmO7Zja/ZZh84wkm+4ut+IUnUdRa8uCGX88DiVx1j6FRe1XfxEgjEZA==,
            }
        dependencies:
            dom-serializer: 2.0.0
            domelementtype: 2.3.0
            domhandler: 5.0.3
        dev: false

    /entities@4.5.0:
        resolution:
            {
                integrity: sha512-V0hjH4dGPh9Ao5p0MoRY6BVqtwCjhz6vI5LT8AJ55H+4g9/4vbHx1I54fS0XuclLhDHArPQCiMjDxjaL8fPxhw==,
            }
        engines: { node: '>=0.12' }
        dev: false

    /es-define-property@1.0.0:
        resolution:
            {
                integrity: sha512-jxayLKShrEqqzJ0eumQbVhTYQM27CfT1T35+gCgDFoL82JLsXqTJ76zv6A0YLOgEnLUMvLzsDsGIrl8NFpT2gQ==,
            }
        engines: { node: '>= 0.4' }
        dependencies:
            get-intrinsic: 1.2.4
        dev: true

    /es-errors@1.3.0:
        resolution:
            {
                integrity: sha512-Zf5H2Kxt2xjTvbJvP2ZWLEICxA6j+hAmMzIlypy4xcBg1vKVnx89Wy0GbS+kf5cwCVFFzdCFh2XSCFNULS6csw==,
            }
        engines: { node: '>= 0.4' }
        dev: true

    /function-bind@1.1.2:
        resolution:
            {
                integrity: sha512-7XHNxH7qX9xG5mIwxkhumTox/MIRNcOgDrxWsMt2pAr23WHp6MrRlN7FBSFpCpr+oVO0F744iUgR82nJMfG2SA==,
            }
        dev: true

    /gen-esm-wrapper@1.1.3:
        resolution:
            {
                integrity: sha512-LNHZ+QpaCW/0VhABIbXn45V+P8kFvjjwuue9hbV23eOjuFVz6c0FE3z1XpLX9pSjLW7UmtCkXo5F9vhZWVs8oQ==,
            }
        hasBin: true
        dependencies:
            is-valid-identifier: 2.0.2
        dev: true

    /get-intrinsic@1.2.4:
        resolution:
            {
                integrity: sha512-5uYhsJH8VJBTv7oslg4BznJYhDoRI6waYCxMmCdnTrcCrHA/fCFKoTFz2JKKE0HdDFUF7/oQuhzumXJK7paBRQ==,
            }
        engines: { node: '>= 0.4' }
        dependencies:
            es-errors: 1.3.0
            function-bind: 1.1.2
            has-proto: 1.0.3
            has-symbols: 1.0.3
            hasown: 2.0.2
        dev: true

    /gopd@1.0.1:
        resolution:
            {
                integrity: sha512-d65bNlIadxvpb/A2abVdlqKqV563juRnZ1Wtk6s1sIR8uNsXR70xqIzVqxVf1eTqDunwT2MkczEeaezCKTZhwA==,
            }
        dependencies:
            get-intrinsic: 1.2.4
        dev: true

    /handlebars@4.7.8:
        resolution:
            {
                integrity: sha512-vafaFqs8MZkRrSX7sFVUdo3ap/eNiLnb4IakshzvP56X5Nr1iGKAIqdX6tMlm6HcNRIkr6AxO5jFEoJzzpT8aQ==,
            }
        engines: { node: '>=0.4.7' }
        hasBin: true
        dependencies:
            minimist: 1.2.8
            neo-async: 2.6.2
            source-map: 0.6.1
            wordwrap: 1.0.0
        optionalDependencies:
            uglify-js: 3.17.4
        dev: true

    /has-property-descriptors@1.0.2:
        resolution:
            {
                integrity: sha512-55JNKuIW+vq4Ke1BjOTjM2YctQIvCT7GFzHwmfZPGo5wnrgkid0YQtnAleFSqumZm4az3n2BS+erby5ipJdgrg==,
            }
        dependencies:
            es-define-property: 1.0.0
        dev: true

    /has-proto@1.0.3:
        resolution:
            {
                integrity: sha512-SJ1amZAJUiZS+PhsVLf5tGydlaVB8EdFpaSO4gmiUKUOxk8qzn5AIy4ZeJUmh22znIdk/uMAUT2pl3FxzVUH+Q==,
            }
        engines: { node: '>= 0.4' }
        dev: true

    /has-symbols@1.0.3:
        resolution:
            {
                integrity: sha512-l3LCuF6MgDNwTDKkdYGEihYjt5pRPbEg46rtlmnSPlUbgmB8LOIrKJbYYFBSbnPaJexMKtiPO8hmeRjRz2Td+A==,
            }
        engines: { node: '>= 0.4' }
        dev: true

    /hasown@2.0.2:
        resolution:
            {
                integrity: sha512-0hJU9SCPvmMzIBdZFqNPXWa6dqh7WdH0cII9y+CyS8rG3nL48Bclra9HmKhVVUHyPWNH5Y7xDwAB7bfgSjkUMQ==,
            }
        engines: { node: '>= 0.4' }
        dependencies:
            function-bind: 1.1.2
        dev: true

    /htmlparser2@8.0.2:
        resolution:
            {
                integrity: sha512-GYdjWKDkbRLkZ5geuHs5NY1puJ+PXwP7+fHPRz06Eirsb9ugf6d8kkXav6ADhcODhFFPMIXyxkxSuMf3D6NCFA==,
            }
        dependencies:
            domelementtype: 2.3.0
            domhandler: 5.0.3
            domutils: 3.1.0
            entities: 4.5.0
        dev: false

    /inherits@2.0.3:
        resolution:
            {
                integrity: sha512-x00IRNXNy63jwGkJmzPigoySHbaqpNuzKbBOmzK+g2OdZpQ9w+sxCN+VSB3ja7IAge2OP2qpfxTjeNcyjmW1uw==,
            }
        dev: true

    /is-valid-identifier@2.0.2:
        resolution:
            {
                integrity: sha512-mpS5EGqXOwzXtKAg6I44jIAqeBfntFLxpAth1rrKbxtKyI6LPktyDYpHBI+tHlduhhX/SF26mFXmxQu995QVqg==,
            }
        dependencies:
            assert: 1.5.1
        dev: true

    /jsonc-parser@3.2.1:
        resolution:
            {
                integrity: sha512-AilxAyFOAcK5wA1+LeaySVBrHsGQvUFCDWXKpZjzaL0PqW+xfBOttn8GNtWKFWqneyMZj41MWF9Kl6iPWLwgOA==,
            }
        dev: true

    /lunr@2.3.9:
        resolution:
            {
                integrity: sha512-zTU3DaZaF3Rt9rhN3uBMGQD3dD2/vFQqnvZCDv4dl5iOzq2IZQqTxu90r4E5J+nP70J3ilqVCrbho2eWaeW8Ow==,
            }
        dev: true

    /marked@4.3.0:
        resolution:
            {
                integrity: sha512-PRsaiG84bK+AMvxziE/lCFss8juXjNaWzVbN5tXAm4XjeaS9NAHhop+PjQxz2A9h8Q4M/xGmzP8vqNwy6JeK0A==,
            }
        engines: { node: '>= 12' }
        hasBin: true
        dev: true

    /minimatch@9.0.4:
        resolution:
            {
                integrity: sha512-KqWh+VchfxcMNRAJjj2tnsSJdNbHsVgnkBhTNrW7AjVo6OvLtxw8zfT9oLw1JSohlFzJ8jCoTgaoXvJ+kHt6fw==,
            }
        engines: { node: '>=16 || 14 >=14.17' }
        dependencies:
            brace-expansion: 2.0.1
        dev: true

    /minimist@1.2.8:
        resolution:
            {
                integrity: sha512-2yyAR8qBkN3YuheJanUpWC5U3bb5osDywNB8RzDVlDwDHbocAJveqqj1u8+SVD7jkWT4yvsHCpWqqWqAxb0zCA==,
            }
        dev: true

    /neo-async@2.6.2:
        resolution:
            {
                integrity: sha512-Yd3UES5mWCSqR+qNT93S3UoYUkqAZ9lLg8a7g9rimsWmYGK8cVToA4/sF3RrshdyV3sAGMXVUmpMYOw+dLpOuw==,
            }
        dev: true

    /nth-check@2.1.1:
        resolution:
            {
                integrity: sha512-lqjrjmaOoAnWfMmBPL+XNnynZh2+swxiX3WUE0s4yEHI6m+AwrK2UZOimIRl3X/4QctVqS8AiZjFqyOGrMXb/w==,
            }
        dependencies:
            boolbase: 1.0.0
        dev: false

    /object-keys@1.1.1:
        resolution:
            {
                integrity: sha512-NuAESUOUMrlIXOfHKzD6bpPu3tYt3xvjNdRIQ+FeT0lNb4K8WR70CaDxhuNguS2XG+GjkyMwOzsN5ZktImfhLA==,
            }
        engines: { node: '>= 0.4' }
        dev: true

    /object.assign@4.1.5:
        resolution:
            {
                integrity: sha512-byy+U7gp+FVwmyzKPYhW2h5l3crpmGsxl7X2s8y43IgxvG4g3QZ6CffDtsNQy1WsmZpQbO+ybo0AlW7TY6DcBQ==,
            }
        engines: { node: '>= 0.4' }
        dependencies:
            call-bind: 1.0.7
            define-properties: 1.2.1
            has-symbols: 1.0.3
            object-keys: 1.1.1
        dev: true

    /parse5-htmlparser2-tree-adapter@7.0.0:
        resolution:
            {
                integrity: sha512-B77tOZrqqfUfnVcOrUvfdLbz4pu4RopLD/4vmu3HUPswwTA8OH0EMW9BlWR2B0RCoiZRAHEUu7IxeP1Pd1UU+g==,
            }
        dependencies:
            domhandler: 5.0.3
            parse5: 7.1.2
        dev: false

    /parse5@7.1.2:
        resolution:
            {
                integrity: sha512-Czj1WaSVpaoj0wbhMzLmWD69anp2WH7FXMB9n1Sy8/ZFF9jolSQVMu1Ij5WIyGmcBmhk7EOndpO4mIpihVqAXw==,
            }
        dependencies:
            entities: 4.5.0
        dev: false

    /set-function-length@1.2.2:
        resolution:
            {
                integrity: sha512-pgRc4hJ4/sNjWCSS9AmnS40x3bNMDTknHgL5UaMBTMyJnU90EgWh1Rz+MC9eFu4BuN/UwZjKQuY/1v3rM7HMfg==,
            }
        engines: { node: '>= 0.4' }
        dependencies:
            define-data-property: 1.1.4
            es-errors: 1.3.0
            function-bind: 1.1.2
            get-intrinsic: 1.2.4
            gopd: 1.0.1
            has-property-descriptors: 1.0.2
        dev: true

    /shiki@0.14.7:
        resolution:
            {
                integrity: sha512-dNPAPrxSc87ua2sKJ3H5dQ/6ZaY8RNnaAqK+t0eG7p0Soi2ydiqbGOTaZCqaYvA/uZYfS1LJnemt3Q+mSfcPCg==,
            }
        dependencies:
            ansi-sequence-parser: 1.1.1
            jsonc-parser: 3.2.1
            vscode-oniguruma: 1.7.0
            vscode-textmate: 8.0.0
        dev: true

    /source-map@0.6.1:
        resolution:
            {
                integrity: sha512-UjgapumWlbMhkBgzT7Ykc5YXUT46F0iKu8SGXq0bcwP5dz/h0Plj6enJqjz1Zbq2l5WaqYnrVbwWOWMyF3F47g==,
            }
        engines: { node: '>=0.10.0' }
        dev: true

    /typedoc-plugin-markdown@3.17.1(typedoc@0.25.13):
        resolution:
            {
                integrity: sha512-QzdU3fj0Kzw2XSdoL15ExLASt2WPqD7FbLeaqwT70+XjKyTshBnUlQA5nNREO1C2P8Uen0CDjsBLMsCQ+zd0lw==,
            }
        peerDependencies:
            typedoc: '>=0.24.0'
        dependencies:
            handlebars: 4.7.8
            typedoc: 0.25.13(typescript@5.4.5)
        dev: true

    /typedoc@0.25.13(typescript@5.4.5):
        resolution:
            {
                integrity: sha512-pQqiwiJ+Z4pigfOnnysObszLiU3mVLWAExSPf+Mu06G/qsc3wzbuM56SZQvONhHLncLUhYzOVkjFFpFfL5AzhQ==,
            }
        engines: { node: '>= 16' }
        hasBin: true
        peerDependencies:
            typescript: 4.6.x || 4.7.x || 4.8.x || 4.9.x || 5.0.x || 5.1.x || 5.2.x || 5.3.x || 5.4.x
        dependencies:
            lunr: 2.3.9
            marked: 4.3.0
            minimatch: 9.0.4
            shiki: 0.14.7
            typescript: 5.4.5
        dev: true

    /typescript@5.4.5:
        resolution:
            {
                integrity: sha512-vcI4UpRgg81oIRUFwR0WSIHKt11nJ7SAVlYNIu+QpqeyXP+gpQJy/Z4+F0aGxSE4MqwjyXvW/TzgkLAx2AGHwQ==,
            }
        engines: { node: '>=14.17' }
        hasBin: true
        dev: true

    /uglify-js@3.17.4:
        resolution:
            {
                integrity: sha512-T9q82TJI9e/C1TAxYvfb16xO120tMVFZrGA3f9/P4424DNu6ypK103y0GPFVa17yotwSyZW5iYXgjYHkGrJW/g==,
            }
        engines: { node: '>=0.8.0' }
        hasBin: true
        requiresBuild: true
        dev: true
        optional: true

    /undici-types@5.26.5:
        resolution:
            {
                integrity: sha512-JlCMO+ehdEIKqlFxk6IfVoAUVmgz7cU7zD/h9XZ0qzeosSHmUJVOzSQvvYSYWXkFXC+IfLKSIffhv0sVZup6pA==,
            }
        dev: true

    /util@0.10.4:
        resolution:
            {
                integrity: sha512-0Pm9hTQ3se5ll1XihRic3FDIku70C+iHUdT/W926rSgHV5QgXsYbKZN8MSC3tJtSkhuROzvsQjAaFENRXr+19A==,
            }
        dependencies:
            inherits: 2.0.3
        dev: true

    /vscode-oniguruma@1.7.0:
        resolution:
            {
                integrity: sha512-L9WMGRfrjOhgHSdOYgCt/yRMsXzLDJSL7BPrOZt73gU0iWO4mpqzqQzOz5srxqTvMBaR0XZTSrVWo4j55Rc6cA==,
            }
        dev: true

    /vscode-textmate@8.0.0:
        resolution:
            {
                integrity: sha512-AFbieoL7a5LMqcnOF04ji+rpXadgOXnZsxQr//r83kLPr7biP7am3g9zbaZIaBGwBRWeSvoMD4mgPdX3e4NWBg==,
            }
        dev: true

    /wordwrap@1.0.0:
        resolution:
            {
                integrity: sha512-gvVzJFlPycKc5dZN4yPkP8w7Dc37BtP1yczEneOb4uq34pXZcvrtRTmWV8W+Ume+XCxKgbjM+nevkyFPMybd4Q==,
            }
        dev: true

    /ws@8.16.0:
        resolution:
            {
                integrity: sha512-HS0c//TP7Ina87TfiPUz1rQzMhHrl/SG2guqRcTOIUYD2q8uhUdNHZYJUaQ8aTGPzCh+c6oawMKW35nFl1dxyQ==,
            }
        engines: { node: '>=10.0.0' }
        peerDependencies:
            bufferutil: ^4.0.1
            utf-8-validate: '>=5.0.2'
        peerDependenciesMeta:
            bufferutil:
                optional: true
            utf-8-validate:
                optional: true
        dev: false
